// !$*UTF8*$!
{
	archiveVersion = 1;
	classes = {
	};
	objectVersion = 50;
	objects = {

/* Begin PBXBuildFile section */
		4556FF2B23BB2A5E008FB2DC /* AppDelegate.m in Sources */ = {isa = PBXBuildFile; fileRef = 4556FF2A23BB2A5E008FB2DC /* AppDelegate.m */; };
		4556FF2E23BB2A5E008FB2DC /* SceneDelegate.m in Sources */ = {isa = PBXBuildFile; fileRef = 4556FF2D23BB2A5E008FB2DC /* SceneDelegate.m */; };
		4556FF3123BB2A5E008FB2DC /* ViewController.m in Sources */ = {isa = PBXBuildFile; fileRef = 4556FF3023BB2A5E008FB2DC /* ViewController.m */; };
		4556FF3423BB2A5E008FB2DC /* Main.storyboard in Resources */ = {isa = PBXBuildFile; fileRef = 4556FF3223BB2A5E008FB2DC /* Main.storyboard */; };
		4556FF3623BB2A5F008FB2DC /* Assets.xcassets in Resources */ = {isa = PBXBuildFile; fileRef = 4556FF3523BB2A5F008FB2DC /* Assets.xcassets */; };
		4556FF3923BB2A5F008FB2DC /* LaunchScreen.storyboard in Resources */ = {isa = PBXBuildFile; fileRef = 4556FF3723BB2A5F008FB2DC /* LaunchScreen.storyboard */; };
		4556FF3C23BB2A5F008FB2DC /* main.m in Sources */ = {isa = PBXBuildFile; fileRef = 4556FF3B23BB2A5F008FB2DC /* main.m */; };
		4556FF4A23BB2B96008FB2DC /* DisplayGLView.m in Sources */ = {isa = PBXBuildFile; fileRef = 4556FF4323BB2B96008FB2DC /* DisplayGLView.m */; };
		4556FF4B23BB2B96008FB2DC /* UniformColorVertex.glsl in Resources */ = {isa = PBXBuildFile; fileRef = 4556FF4623BB2B96008FB2DC /* UniformColorVertex.glsl */; };
		4556FF4C23BB2B96008FB2DC /* StaticColorVertex.glsl in Resources */ = {isa = PBXBuildFile; fileRef = 4556FF4723BB2B96008FB2DC /* StaticColorVertex.glsl */; };
		4556FF4D23BB2B96008FB2DC /* SimpleFragment.glsl in Resources */ = {isa = PBXBuildFile; fileRef = 4556FF4823BB2B96008FB2DC /* SimpleFragment.glsl */; };
		4556FF4E23BB2B96008FB2DC /* ColorVertex.glsl in Resources */ = {isa = PBXBuildFile; fileRef = 4556FF4923BB2B96008FB2DC /* ColorVertex.glsl */; };
		4556FF5223BB3026008FB2DC /* texture.png in Resources */ = {isa = PBXBuildFile; fileRef = 4556FF5123BB3026008FB2DC /* texture.png */; };
/* End PBXBuildFile section */

/* Begin PBXFileReference section */
		4556FF2623BB2A5E008FB2DC /* OpenGLTextures.app */ = {isa = PBXFileReference; explicitFileType = wrapper.application; includeInIndex = 0; path = OpenGLTextures.app; sourceTree = BUILT_PRODUCTS_DIR; };
		4556FF2923BB2A5E008FB2DC /* AppDelegate.h */ = {isa = PBXFileReference; lastKnownFileType = sourcecode.c.h; path = AppDelegate.h; sourceTree = "<group>"; };
		4556FF2A23BB2A5E008FB2DC /* AppDelegate.m */ = {isa = PBXFileReference; lastKnownFileType = sourcecode.c.objc; path = AppDelegate.m; sourceTree = "<group>"; };
		4556FF2C23BB2A5E008FB2DC /* SceneDelegate.h */ = {isa = PBXFileReference; lastKnownFileType = sourcecode.c.h; path = SceneDelegate.h; sourceTree = "<group>"; };
		4556FF2D23BB2A5E008FB2DC /* SceneDelegate.m */ = {isa = PBXFileReference; lastKnownFileType = sourcecode.c.objc; path = SceneDelegate.m; sourceTree = "<group>"; };
		4556FF2F23BB2A5E008FB2DC /* ViewController.h */ = {isa = PBXFileReference; lastKnownFileType = sourcecode.c.h; path = ViewController.h; sourceTree = "<group>"; };
		4556FF3023BB2A5E008FB2DC /* ViewController.m */ = {isa = PBXFileReference; lastKnownFileType = sourcecode.c.objc; path = ViewController.m; sourceTree = "<group>"; };
		4556FF3323BB2A5E008FB2DC /* Base */ = {isa = PBXFileReference; lastKnownFileType = file.storyboard; name = Base; path = Base.lproj/Main.storyboard; sourceTree = "<group>"; };
		4556FF3523BB2A5F008FB2DC /* Assets.xcassets */ = {isa = PBXFileReference; lastKnownFileType = folder.assetcatalog; path = Assets.xcassets; sourceTree = "<group>"; };
		4556FF3823BB2A5F008FB2DC /* Base */ = {isa = PBXFileReference; lastKnownFileType = file.storyboard; name = Base; path = Base.lproj/LaunchScreen.storyboard; sourceTree = "<group>"; };
		4556FF3A23BB2A5F008FB2DC /* Info.plist */ = {isa = PBXFileReference; lastKnownFileType = text.plist.xml; path = Info.plist; sourceTree = "<group>"; };
		4556FF3B23BB2A5F008FB2DC /* main.m */ = {isa = PBXFileReference; lastKnownFileType = sourcecode.c.objc; path = main.m; sourceTree = "<group>"; };
		4556FF4323BB2B96008FB2DC /* DisplayGLView.m */ = {isa = PBXFileReference; fileEncoding = 4; lastKnownFileType = sourcecode.c.objc; path = DisplayGLView.m; sourceTree = "<group>"; };
		4556FF4423BB2B96008FB2DC /* DisplayGLView.h */ = {isa = PBXFileReference; fileEncoding = 4; lastKnownFileType = sourcecode.c.h; path = DisplayGLView.h; sourceTree = "<group>"; };
		4556FF4623BB2B96008FB2DC /* UniformColorVertex.glsl */ = {isa = PBXFileReference; fileEncoding = 4; lastKnownFileType = text; path = UniformColorVertex.glsl; sourceTree = "<group>"; };
		4556FF4723BB2B96008FB2DC /* StaticColorVertex.glsl */ = {isa = PBXFileReference; fileEncoding = 4; lastKnownFileType = text; path = StaticColorVertex.glsl; sourceTree = "<group>"; };
		4556FF4823BB2B96008FB2DC /* SimpleFragment.glsl */ = {isa = PBXFileReference; fileEncoding = 4; lastKnownFileType = text; path = SimpleFragment.glsl; sourceTree = "<group>"; };
		4556FF4923BB2B96008FB2DC /* ColorVertex.glsl */ = {isa = PBXFileReference; fileEncoding = 4; lastKnownFileType = text; path = ColorVertex.glsl; sourceTree = "<group>"; };
		4556FF5123BB3026008FB2DC /* texture.png */ = {isa = PBXFileReference; lastKnownFileType = image.png; path = texture.png; sourceTree = "<group>"; };
/* End PBXFileReference section */

/* Begin PBXFrameworksBuildPhase section */
		4556FF2323BB2A5E008FB2DC /* Frameworks */ = {
			isa = PBXFrameworksBuildPhase;
			buildActionMask = 2147483647;
			files = (
			);
			runOnlyForDeploymentPostprocessing = 0;
		};
/* End PBXFrameworksBuildPhase section */

/* Begin PBXGroup section */
		4556FF1D23BB2A5E008FB2DC = {
			isa = PBXGroup;
			children = (
				4556FF2823BB2A5E008FB2DC /* OpenGLTextures */,
				4556FF2723BB2A5E008FB2DC /* Products */,
			);
			sourceTree = "<group>";
		};
		4556FF2723BB2A5E008FB2DC /* Products */ = {
			isa = PBXGroup;
			children = (
				4556FF2623BB2A5E008FB2DC /* OpenGLTextures.app */,
			);
			name = Products;
			sourceTree = "<group>";
		};
		4556FF2823BB2A5E008FB2DC /* OpenGLTextures */ = {
			isa = PBXGroup;
			children = (
				4556FF5123BB3026008FB2DC /* texture.png */,
				4556FF4223BB2B96008FB2DC /* OpenGLViewHandle */,
				4556FF2923BB2A5E008FB2DC /* AppDelegate.h */,
				4556FF2A23BB2A5E008FB2DC /* AppDelegate.m */,
				4556FF2C23BB2A5E008FB2DC /* SceneDelegate.h */,
				4556FF2D23BB2A5E008FB2DC /* SceneDelegate.m */,
				4556FF2F23BB2A5E008FB2DC /* ViewController.h */,
				4556FF3023BB2A5E008FB2DC /* ViewController.m */,
				4556FF3223BB2A5E008FB2DC /* Main.storyboard */,
				4556FF3523BB2A5F008FB2DC /* Assets.xcassets */,
				4556FF3723BB2A5F008FB2DC /* LaunchScreen.storyboard */,
				4556FF3A23BB2A5F008FB2DC /* Info.plist */,
				4556FF3B23BB2A5F008FB2DC /* main.m */,
			);
			path = OpenGLTextures;
			sourceTree = "<group>";
		};
		4556FF4223BB2B96008FB2DC /* OpenGLViewHandle */ = {
			isa = PBXGroup;
			children = (
				4556FF4523BB2B96008FB2DC /* Shader */,
				4556FF4423BB2B96008FB2DC /* DisplayGLView.h */,
				4556FF4323BB2B96008FB2DC /* DisplayGLView.m */,
			);
			name = OpenGLViewHandle;
			path = ../../OpenGLViewHandle;
			sourceTree = "<group>";
		};
		4556FF4523BB2B96008FB2DC /* Shader */ = {
			isa = PBXGroup;
			children = (
				4556FF4623BB2B96008FB2DC /* UniformColorVertex.glsl */,
				4556FF4723BB2B96008FB2DC /* StaticColorVertex.glsl */,
				4556FF4823BB2B96008FB2DC /* SimpleFragment.glsl */,
				4556FF4923BB2B96008FB2DC /* ColorVertex.glsl */,
			);
			path = Shader;
			sourceTree = "<group>";
		};
/* End PBXGroup section */

/* Begin PBXNativeTarget section */
		4556FF2523BB2A5E008FB2DC /* OpenGLTextures */ = {
			isa = PBXNativeTarget;
			buildConfigurationList = 4556FF3F23BB2A5F008FB2DC /* Build configuration list for PBXNativeTarget "OpenGLTextures" */;
			buildPhases = (
				4556FF2223BB2A5E008FB2DC /* Sources */,
				4556FF2323BB2A5E008FB2DC /* Frameworks */,
				4556FF2423BB2A5E008FB2DC /* Resources */,
			);
			buildRules = (
			);
			dependencies = (
			);
			name = OpenGLTextures;
			productName = OpenGLTextures;
			productReference = 4556FF2623BB2A5E008FB2DC /* OpenGLTextures.app */;
			productType = "com.apple.product-type.application";
		};
/* End PBXNativeTarget section */

/* Begin PBXProject section */
		4556FF1E23BB2A5E008FB2DC /* Project object */ = {
			isa = PBXProject;
			attributes = {
				LastUpgradeCheck = 1130;
				ORGANIZATIONNAME = Stephen.Zeng;
				TargetAttributes = {
					4556FF2523BB2A5E008FB2DC = {
						CreatedOnToolsVersion = 11.3;
					};
				};
			};
			buildConfigurationList = 4556FF2123BB2A5E008FB2DC /* Build configuration list for PBXProject "OpenGLTextures" */;
			compatibilityVersion = "Xcode 9.3";
			developmentRegion = en;
			hasScannedForEncodings = 0;
			knownRegions = (
				en,
				Base,
			);
			mainGroup = 4556FF1D23BB2A5E008FB2DC;
			productRefGroup = 4556FF2723BB2A5E008FB2DC /* Products */;
			projectDirPath = "";
			projectRoot = "";
			targets = (
				4556FF2523BB2A5E008FB2DC /* OpenGLTextures */,
			);
		};
/* End PBXProject section */

/* Begin PBXResourcesBuildPhase section */
		4556FF2423BB2A5E008FB2DC /* Resources */ = {
			isa = PBXResourcesBuildPhase;
			buildActionMask = 2147483647;
			files = (
				4556FF4E23BB2B96008FB2DC /* ColorVertex.glsl in Resources */,
				4556FF4B23BB2B96008FB2DC /* UniformColorVertex.glsl in Resources */,
				4556FF3923BB2A5F008FB2DC /* LaunchScreen.storyboard in Resources */,
				4556FF3623BB2A5F008FB2DC /* Assets.xcassets in Resources */,
				4556FF3423BB2A5E008FB2DC /* Main.storyboard in Resources */,
				4556FF4C23BB2B96008FB2DC /* StaticColorVertex.glsl in Resources */,
				4556FF5223BB3026008FB2DC /* texture.png in Resources */,
				4556FF4D23BB2B96008FB2DC /* SimpleFragment.glsl in Resources */,
			);
			runOnlyForDeploymentPostprocessing = 0;
		};
/* End PBXResourcesBuildPhase section */

/* Begin PBXSourcesBuildPhase section */
		4556FF2223BB2A5E008FB2DC /* Sources */ = {
			isa = PBXSourcesBuildPhase;
			buildActionMask = 2147483647;
			files = (
				4556FF3123BB2A5E008FB2DC /* ViewController.m in Sources */,
				4556FF2B23BB2A5E008FB2DC /* AppDelegate.m in Sources */,
				4556FF3C23BB2A5F008FB2DC /* main.m in Sources */,
				4556FF4A23BB2B96008FB2DC /* DisplayGLView.m in Sources */,
				4556FF2E23BB2A5E008FB2DC /* SceneDelegate.m in Sources */,
			);
			runOnlyForDeploymentPostprocessing = 0;
		};
/* End PBXSourcesBuildPhase section */

/* Begin PBXVariantGroup section */
		4556FF3223BB2A5E008FB2DC /* Main.storyboard */ = {
			isa = PBXVariantGroup;
			children = (
				4556FF3323BB2A5E008FB2DC /* Base */,
			);
			name = Main.storyboard;
			sourceTree = "<group>";
		};
		4556FF3723BB2A5F008FB2DC /* LaunchScreen.storyboard */ = {
			isa = PBXVariantGroup;
			children = (
				4556FF3823BB2A5F008FB2DC /* Base */,
			);
			name = LaunchScreen.storyboard;
			sourceTree = "<group>";
		};
/* End PBXVariantGroup section */

/* Begin XCBuildConfiguration section */
		4556FF3D23BB2A5F008FB2DC /* Debug */ = {
			isa = XCBuildConfiguration;
			buildSettings = {
				ALWAYS_SEARCH_USER_PATHS = NO;
				CLANG_ANALYZER_NONNULL = YES;
				CLANG_ANALYZER_NUMBER_OBJECT_CONVERSION = YES_AGGRESSIVE;
				CLANG_CXX_LANGUAGE_STANDARD = "gnu++14";
				CLANG_CXX_LIBRARY = "libc++";
				CLANG_ENABLE_MODULES = YES;
				CLANG_ENABLE_OBJC_ARC = YES;
				CLANG_ENABLE_OBJC_WEAK = YES;
				CLANG_WARN_BLOCK_CAPTURE_AUTORELEASING = YES;
				CLANG_WARN_BOOL_CONVERSION = YES;
				CLANG_WARN_COMMA = YES;
				CLANG_WARN_CONSTANT_CONVERSION = YES;
				CLANG_WARN_DEPRECATED_OBJC_IMPLEMENTATIONS = YES;
				CLANG_WARN_DIRECT_OBJC_ISA_USAGE = YES_ERROR;
				CLANG_WARN_DOCUMENTATION_COMMENTS = YES;
				CLANG_WARN_EMPTY_BODY = YES;
				CLANG_WARN_ENUM_CONVERSION = YES;
				CLANG_WARN_INFINITE_RECURSION = YES;
				CLANG_WARN_INT_CONVERSION = YES;
				CLANG_WARN_NON_LITERAL_NULL_CONVERSION = YES;
				CLANG_WARN_OBJC_IMPLICIT_RETAIN_SELF = YES;
				CLANG_WARN_OBJC_LITERAL_CONVERSION = YES;
				CLANG_WARN_OBJC_ROOT_CLASS = YES_ERROR;
				CLANG_WARN_RANGE_LOOP_ANALYSIS = YES;
				CLANG_WARN_STRICT_PROTOTYPES = YES;
				CLANG_WARN_SUSPICIOUS_MOVE = YES;
				CLANG_WARN_UNGUARDED_AVAILABILITY = YES_AGGRESSIVE;
				CLANG_WARN_UNREACHABLE_CODE = YES;
				CLANG_WARN__DUPLICATE_METHOD_MATCH = YES;
				COPY_PHASE_STRIP = NO;
				DEBUG_INFORMATION_FORMAT = dwarf;
				ENABLE_STRICT_OBJC_MSGSEND = YES;
				ENABLE_TESTABILITY = YES;
				GCC_C_LANGUAGE_STANDARD = gnu11;
				GCC_DYNAMIC_NO_PIC = NO;
				GCC_NO_COMMON_BLOCKS = YES;
				GCC_OPTIMIZATION_LEVEL = 0;
				GCC_PREPROCESSOR_DEFINITIONS = (
					"DEBUG=1",
					"$(inherited)",
				);
				GCC_WARN_64_TO_32_BIT_CONVERSION = YES;
				GCC_WARN_ABOUT_RETURN_TYPE = YES_ERROR;
				GCC_WARN_UNDECLARED_SELECTOR = YES;
				GCC_WARN_UNINITIALIZED_AUTOS = YES_AGGRESSIVE;
				GCC_WARN_UNUSED_FUNCTION = YES;
				GCC_WARN_UNUSED_VARIABLE = YES;
				IPHONEOS_DEPLOYMENT_TARGET = 13.2;
				MTL_ENABLE_DEBUG_INFO = INCLUDE_SOURCE;
				MTL_FAST_MATH = YES;
				ONLY_ACTIVE_ARCH = YES;
				SDKROOT = iphoneos;
			};
			name = Debug;
		};
		4556FF3E23BB2A5F008FB2DC /* Release */ = {
			isa = XCBuildConfiguration;
			buildSettings = {
				ALWAYS_SEARCH_USER_PATHS = NO;
				CLANG_ANALYZER_NONNULL = YES;
				CLANG_ANALYZER_NUMBER_OBJECT_CONVERSION = YES_AGGRESSIVE;
				CLANG_CXX_LANGUAGE_STANDARD = "gnu++14";
				CLANG_CXX_LIBRARY = "libc++";
				CLANG_ENABLE_MODULES = YES;
				CLANG_ENABLE_OBJC_ARC = YES;
				CLANG_ENABLE_OBJC_WEAK = YES;
				CLANG_WARN_BLOCK_CAPTURE_AUTORELEASING = YES;
				CLANG_WARN_BOOL_CONVERSION = YES;
				CLANG_WARN_COMMA = YES;
				CLANG_WARN_CONSTANT_CONVERSION = YES;
				CLANG_WARN_DEPRECATED_OBJC_IMPLEMENTATIONS = YES;
				CLANG_WARN_DIRECT_OBJC_ISA_USAGE = YES_ERROR;
				CLANG_WARN_DOCUMENTATION_COMMENTS = YES;
				CLANG_WARN_EMPTY_BODY = YES;
				CLANG_WARN_ENUM_CONVERSION = YES;
				CLANG_WARN_INFINITE_RECURSION = YES;
				CLANG_WARN_INT_CONVERSION = YES;
				CLANG_WARN_NON_LITERAL_NULL_CONVERSION = YES;
				CLANG_WARN_OBJC_IMPLICIT_RETAIN_SELF = YES;
				CLANG_WARN_OBJC_LITERAL_CONVERSION = YES;
				CLANG_WARN_OBJC_ROOT_CLASS = YES_ERROR;
				CLANG_WARN_RANGE_LOOP_ANALYSIS = YES;
				CLANG_WARN_STRICT_PROTOTYPES = YES;
				CLANG_WARN_SUSPICIOUS_MOVE = YES;
				CLANG_WARN_UNGUARDED_AVAILABILITY = YES_AGGRESSIVE;
				CLANG_WARN_UNREACHABLE_CODE = YES;
				CLANG_WARN__DUPLICATE_METHOD_MATCH = YES;
				COPY_PHASE_STRIP = NO;
				DEBUG_INFORMATION_FORMAT = "dwarf-with-dsym";
				ENABLE_NS_ASSERTIONS = NO;
				ENABLE_STRICT_OBJC_MSGSEND = YES;
				GCC_C_LANGUAGE_STANDARD = gnu11;
				GCC_NO_COMMON_BLOCKS = YES;
				GCC_WARN_64_TO_32_BIT_CONVERSION = YES;
				GCC_WARN_ABOUT_RETURN_TYPE = YES_ERROR;
				GCC_WARN_UNDECLARED_SELECTOR = YES;
				GCC_WARN_UNINITIALIZED_AUTOS = YES_AGGRESSIVE;
				GCC_WARN_UNUSED_FUNCTION = YES;
				GCC_WARN_UNUSED_VARIABLE = YES;
				IPHONEOS_DEPLOYMENT_TARGET = 13.2;
				MTL_ENABLE_DEBUG_INFO = NO;
				MTL_FAST_MATH = YES;
				SDKROOT = iphoneos;
				VALIDATE_PRODUCT = YES;
			};
			name = Release;
		};
		4556FF4023BB2A5F008FB2DC /* Debug */ = {
			isa = XCBuildConfiguration;
			buildSettings = {
				ASSETCATALOG_COMPILER_APPICON_NAME = AppIcon;
				CODE_SIGN_STYLE = Automatic;
				DEVELOPMENT_TEAM = 7GSQF78L75;
				INFOPLIST_FILE = OpenGLTextures/Info.plist;
				IPHONEOS_DEPLOYMENT_TARGET = 9.0;
				LD_RUNPATH_SEARCH_PATHS = (
					"$(inherited)",
					"@executable_path/Frameworks",
				);
				PRODUCT_BUNDLE_IDENTIFIER = Stephen.Zeng.OpenGLTextures;
				PRODUCT_NAME = "$(TARGET_NAME)";
				TARGETED_DEVICE_FAMILY = "1,2";
			};
			name = Debug;
		};
		4556FF4123BB2A5F008FB2DC /* Release */ = {
			isa = XCBuildConfiguration;
			buildSettings = {
				ASSETCATALOG_COMPILER_APPICON_NAME = AppIcon;
				CODE_SIGN_STYLE = Automatic;
				DEVELOPMENT_TEAM = 7GSQF78L75;
				INFOPLIST_FILE = OpenGLTextures/Info.plist;
				IPHONEOS_DEPLOYMENT_TARGET = 9.0;
				LD_RUNPATH_SEARCH_PATHS = (
					"$(inherited)",
					"@executable_path/Frameworks",
				);
				PRODUCT_BUNDLE_IDENTIFIER = Stephen.Zeng.OpenGLTextures;
				PRODUCT_NAME = "$(TARGET_NAME)";
				TARGETED_DEVICE_FAMILY = "1,2";
			};
			name = Release;
		};
/* End XCBuildConfiguration section */

/* Begin XCConfigurationList section */
		4556FF2123BB2A5E008FB2DC /* Build configuration list for PBXProject "OpenGLTextures" */ = {
			isa = XCConfigurationList;
			buildConfigurations = (
				4556FF3D23BB2A5F008FB2DC /* Debug */,
				4556FF3E23BB2A5F008FB2DC /* Release */,
			);
			defaultConfigurationIsVisible = 0;
			defaultConfigurationName = Release;
		};
		4556FF3F23BB2A5F008FB2DC /* Build configuration list for PBXNativeTarget "OpenGLTextures" */ = {
			isa = XCConfigurationList;
			buildConfigurations = (
				4556FF4023BB2A5F008FB2DC /* Debug */,
				4556FF4123BB2A5F008FB2DC /* Release */,
			);
			defaultConfigurationIsVisible = 0;
			defaultConfigurationName = Release;
		};
/* End XCConfigurationList section */
	};
	rootObject = 4556FF1E23BB2A5E008FB2DC /* Project object */;
}
